// !$*UTF8*$!
{
	archiveVersion = 1;
	classes = {
	};
	objectVersion = 77;
	objects = {

/* Begin PBXBuildFile section */
		D21B4B8F2ED8F835006E4D4B /* Kingfisher in Frameworks */ = {isa = PBXBuildFile; productRef = D21B4B8E2ED8F835006E4D4B /* Kingfisher */; };
		D21B4B922ED8F83D006E4D4B /* FalClient in Frameworks */ = {isa = PBXBuildFile; productRef = D21B4B912ED8F83D006E4D4B /* FalClient */; };
		D21B4B952ED8F849006E4D4B /* ComposableArchitecture in Frameworks */ = {isa = PBXBuildFile; productRef = D21B4B942ED8F849006E4D4B /* ComposableArchitecture */; };
/* End PBXBuildFile section */

/* Begin PBXContainerItemProxy section */
		D21B4B712ED8F823006E4D4B /* PBXContainerItemProxy */ = {
			isa = PBXContainerItemProxy;
			containerPortal = D21B4B5B2ED8F822006E4D4B /* Project object */;
			proxyType = 1;
			remoteGlobalIDString = D21B4B622ED8F822006E4D4B;
			remoteInfo = LemonSliceDemo;
		};
		D21B4B7B2ED8F823006E4D4B /* PBXContainerItemProxy */ = {
			isa = PBXContainerItemProxy;
			containerPortal = D21B4B5B2ED8F822006E4D4B /* Project object */;
			proxyType = 1;
			remoteGlobalIDString = D21B4B622ED8F822006E4D4B;
			remoteInfo = LemonSliceDemo;
		};
/* End PBXContainerItemProxy section */

/* Begin PBXFileReference section */
		D21B4B632ED8F822006E4D4B /* LemonSliceDemo.app */ = {isa = PBXFileReference; explicitFileType = wrapper.application; includeInIndex = 0; path = LemonSliceDemo.app; sourceTree = BUILT_PRODUCTS_DIR; };
		D21B4B702ED8F823006E4D4B /* LemonSliceDemoTests.xctest */ = {isa = PBXFileReference; explicitFileType = wrapper.cfbundle; includeInIndex = 0; path = LemonSliceDemoTests.xctest; sourceTree = BUILT_PRODUCTS_DIR; };
		D21B4B7A2ED8F823006E4D4B /* LemonSliceDemoUITests.xctest */ = {isa = PBXFileReference; explicitFileType = wrapper.cfbundle; includeInIndex = 0; path = LemonSliceDemoUITests.xctest; sourceTree = BUILT_PRODUCTS_DIR; };
/* End PBXFileReference section */

/* Begin PBXFileSystemSynchronizedRootGroup section */
		D21B4B652ED8F822006E4D4B /* LemonSliceDemo */ = {
			isa = PBXFileSystemSynchronizedRootGroup;
			path = LemonSliceDemo;
			sourceTree = "<group>";
		};
/* End PBXFileSystemSynchronizedRootGroup section */

/* Begin PBXFrameworksBuildPhase section */
		D21B4B602ED8F822006E4D4B /* Frameworks */ = {
			isa = PBXFrameworksBuildPhase;
			buildActionMask = 2147483647;
			files = (
				D21B4B8F2ED8F835006E4D4B /* Kingfisher in Frameworks */,
				D21B4B922ED8F83D006E4D4B /* FalClient in Frameworks */,
				D21B4B952ED8F849006E4D4B /* ComposableArchitecture in Frameworks */,
			);
			runOnlyForDeploymentPostprocessing = 0;
		};
		D21B4B6D2ED8F823006E4D4B /* Frameworks */ = {
			isa = PBXFrameworksBuildPhase;
			buildActionMask = 2147483647;
			files = (
			);
			runOnlyForDeploymentPostprocessing = 0;
		};
		D21B4B772ED8F823006E4D4B /* Frameworks */ = {
			isa = PBXFrameworksBuildPhase;
			buildActionMask = 2147483647;
			files = (
			);
			runOnlyForDeploymentPostprocessing = 0;
		};
/* End PBXFrameworksBuildPhase section */

/* Begin PBXGroup section */
		D21B4B5A2ED8F822006E4D4B = {
			isa = PBXGroup;
			children = (
				D21B4B652ED8F822006E4D4B /* LemonSliceDemo */,
				D21B4B642ED8F822006E4D4B /* Products */,
			);
			sourceTree = "<group>";
		};
		D21B4B642ED8F822006E4D4B /* Products */ = {
			isa = PBXGroup;
			children = (
				D21B4B632ED8F822006E4D4B /* LemonSliceDemo.app */,
				D21B4B702ED8F823006E4D4B /* LemonSliceDemoTests.xctest */,
				D21B4B7A2ED8F823006E4D4B /* LemonSliceDemoUITests.xctest */,
			);
			name = Products;
			sourceTree = "<group>";
		};
/* End PBXGroup section */

/* Begin PBXNativeTarget section */
		D21B4B622ED8F822006E4D4B /* LemonSliceDemo */ = {
			isa = PBXNativeTarget;
			buildConfigurationList = D21B4B842ED8F823006E4D4B /* Build configuration list for PBXNativeTarget "LemonSliceDemo" */;
			buildPhases = (
				D21B4B5F2ED8F822006E4D4B /* Sources */,
				D21B4B602ED8F822006E4D4B /* Frameworks */,
				D21B4B612ED8F822006E4D4B /* Resources */,
			);
			buildRules = (
			);
			dependencies = (
			);
			fileSystemSynchronizedGroups = (
				D21B4B652ED8F822006E4D4B /* LemonSliceDemo */,
			);
			name = LemonSliceDemo;
			packageProductDependencies = (
				D21B4B8E2ED8F835006E4D4B /* Kingfisher */,
				D21B4B912ED8F83D006E4D4B /* FalClient */,
				D21B4B942ED8F849006E4D4B /* ComposableArchitecture */,
			);
			productName = LemonSliceDemo;
			productReference = D21B4B632ED8F822006E4D4B /* LemonSliceDemo.app */;
			productType = "com.apple.product-type.application";
		};
		D21B4B6F2ED8F823006E4D4B /* LemonSliceDemoTests */ = {
			isa = PBXNativeTarget;
			buildConfigurationList = D21B4B872ED8F823006E4D4B /* Build configuration list for PBXNativeTarget "LemonSliceDemoTests" */;
			buildPhases = (
				D21B4B6C2ED8F823006E4D4B /* Sources */,
				D21B4B6D2ED8F823006E4D4B /* Frameworks */,
				D21B4B6E2ED8F823006E4D4B /* Resources */,
			);
			buildRules = (
			);
			dependencies = (
				D21B4B722ED8F823006E4D4B /* PBXTargetDependency */,
			);
			name = LemonSliceDemoTests;
			packageProductDependencies = (
			);
			productName = LemonSliceDemoTests;
			productReference = D21B4B702ED8F823006E4D4B /* LemonSliceDemoTests.xctest */;
			productType = "com.apple.product-type.bundle.unit-test";
		};
		D21B4B792ED8F823006E4D4B /* LemonSliceDemoUITests */ = {
			isa = PBXNativeTarget;
			buildConfigurationList = D21B4B8A2ED8F823006E4D4B /* Build configuration list for PBXNativeTarget "LemonSliceDemoUITests" */;
			buildPhases = (
				D21B4B762ED8F823006E4D4B /* Sources */,
				D21B4B772ED8F823006E4D4B /* Frameworks */,
				D21B4B782ED8F823006E4D4B /* Resources */,
			);
			buildRules = (
			);
			dependencies = (
				D21B4B7C2ED8F823006E4D4B /* PBXTargetDependency */,
			);
			name = LemonSliceDemoUITests;
			packageProductDependencies = (
			);
			productName = LemonSliceDemoUITests;
			productReference = D21B4B7A2ED8F823006E4D4B /* LemonSliceDemoUITests.xctest */;
			productType = "com.apple.product-type.bundle.ui-testing";
		};
/* End PBXNativeTarget section */

/* Begin PBXProject section */
		D21B4B5B2ED8F822006E4D4B /* Project object */ = {
			isa = PBXProject;
			attributes = {
				BuildIndependentTargetsInParallel = 1;
				LastSwiftUpdateCheck = 1640;
				LastUpgradeCheck = 1640;
				TargetAttributes = {
					D21B4B622ED8F822006E4D4B = {
						CreatedOnToolsVersion = 16.4;
					};
					D21B4B6F2ED8F823006E4D4B = {
						CreatedOnToolsVersion = 16.4;
						TestTargetID = D21B4B622ED8F822006E4D4B;
					};
					D21B4B792ED8F823006E4D4B = {
						CreatedOnToolsVersion = 16.4;
						TestTargetID = D21B4B622ED8F822006E4D4B;
					};
				};
			};
			buildConfigurationList = D21B4B5E2ED8F822006E4D4B /* Build configuration list for PBXProject "LemonSliceDemo" */;
			developmentRegion = en;
			hasScannedForEncodings = 0;
			knownRegions = (
				en,
				Base,
			);
			mainGroup = D21B4B5A2ED8F822006E4D4B;
			minimizedProjectReferenceProxies = 1;
			packageReferences = (
				D21B4B8D2ED8F835006E4D4B /* XCRemoteSwiftPackageReference "Kingfisher" */,
				D21B4B902ED8F83D006E4D4B /* XCRemoteSwiftPackageReference "fal-swift" */,
				D21B4B932ED8F849006E4D4B /* XCRemoteSwiftPackageReference "swift-composable-architecture" */,
			);
			preferredProjectObjectVersion = 77;
			productRefGroup = D21B4B642ED8F822006E4D4B /* Products */;
			projectDirPath = "";
			projectRoot = "";
			targets = (
				D21B4B622ED8F822006E4D4B /* LemonSliceDemo */,
				D21B4B6F2ED8F823006E4D4B /* LemonSliceDemoTests */,
				D21B4B792ED8F823006E4D4B /* LemonSliceDemoUITests */,
			);
		};
/* End PBXProject section */

/* Begin PBXResourcesBuildPhase section */
		D21B4B612ED8F822006E4D4B /* Resources */ = {
			isa = PBXResourcesBuildPhase;
			buildActionMask = 2147483647;
			files = (
			);
			runOnlyForDeploymentPostprocessing = 0;
		};
		D21B4B6E2ED8F823006E4D4B /* Resources */ = {
			isa = PBXResourcesBuildPhase;
			buildActionMask = 2147483647;
			files = (
			);
			runOnlyForDeploymentPostprocessing = 0;
		};
		D21B4B782ED8F823006E4D4B /* Resources */ = {
			isa = PBXResourcesBuildPhase;
			buildActionMask = 2147483647;
			files = (
			);
			runOnlyForDeploymentPostprocessing = 0;
		};
/* End PBXResourcesBuildPhase section */

/* Begin PBXSourcesBuildPhase section */
		D21B4B5F2ED8F822006E4D4B /* Sources */ = {
			isa = PBXSourcesBuildPhase;
			buildActionMask = 2147483647;
			files = (
			);
			runOnlyForDeploymentPostprocessing = 0;
		};
		D21B4B6C2ED8F823006E4D4B /* Sources */ = {
			isa = PBXSourcesBuildPhase;
			buildActionMask = 2147483647;
			files = (
			);
			runOnlyForDeploymentPostprocessing = 0;
		};
		D21B4B762ED8F823006E4D4B /* Sources */ = {
			isa = PBXSourcesBuildPhase;
			buildActionMask = 2147483647;
			files = (
			);
			runOnlyForDeploymentPostprocessing = 0;
		};
/* End PBXSourcesBuildPhase section */

/* Begin PBXTargetDependency section */
		D21B4B722ED8F823006E4D4B /* PBXTargetDependency */ = {
			isa = PBXTargetDependency;
			target = D21B4B622ED8F822006E4D4B /* LemonSliceDemo */;
			targetProxy = D21B4B712ED8F823006E4D4B /* PBXContainerItemProxy */;
		};
		D21B4B7C2ED8F823006E4D4B /* PBXTargetDependency */ = {
			isa = PBXTargetDependency;
			target = D21B4B622ED8F822006E4D4B /* LemonSliceDemo */;
			targetProxy = D21B4B7B2ED8F823006E4D4B /* PBXContainerItemProxy */;
		};
/* End PBXTargetDependency section */

/* Begin XCBuildConfiguration section */
		D21B4B822ED8F823006E4D4B /* Debug */ = {
			isa = XCBuildConfiguration;
			buildSettings = {
				ALWAYS_SEARCH_USER_PATHS = NO;
				ASSETCATALOG_COMPILER_GENERATE_SWIFT_ASSET_SYMBOL_EXTENSIONS = YES;
				CLANG_ANALYZER_NONNULL = YES;
				CLANG_ANALYZER_NUMBER_OBJECT_CONVERSION = YES_AGGRESSIVE;
				CLANG_CXX_LANGUAGE_STANDARD = "gnu++20";
				CLANG_ENABLE_MODULES = YES;
				CLANG_ENABLE_OBJC_ARC = YES;
				CLANG_ENABLE_OBJC_WEAK = YES;
				CLANG_WARN_BLOCK_CAPTURE_AUTORELEASING = YES;
				CLANG_WARN_BOOL_CONVERSION = YES;
				CLANG_WARN_COMMA = YES;
				CLANG_WARN_CONSTANT_CONVERSION = YES;
				CLANG_WARN_DEPRECATED_OBJC_IMPLEMENTATIONS = YES;
				CLANG_WARN_DIRECT_OBJC_ISA_USAGE = YES_ERROR;
				CLANG_WARN_DOCUMENTATION_COMMENTS = YES;
				CLANG_WARN_EMPTY_BODY = YES;
				CLANG_WARN_ENUM_CONVERSION = YES;
				CLANG_WARN_INFINITE_RECURSION = YES;
				CLANG_WARN_INT_CONVERSION = YES;
				CLANG_WARN_NON_LITERAL_NULL_CONVERSION = YES;
				CLANG_WARN_OBJC_IMPLICIT_RETAIN_SELF = YES;
				CLANG_WARN_OBJC_LITERAL_CONVERSION = YES;
				CLANG_WARN_OBJC_ROOT_CLASS = YES_ERROR;
				CLANG_WARN_QUOTED_INCLUDE_IN_FRAMEWORK_HEADER = YES;
				CLANG_WARN_RANGE_LOOP_ANALYSIS = YES;
				CLANG_WARN_STRICT_PROTOTYPES = YES;
				CLANG_WARN_SUSPICIOUS_MOVE = YES;
				CLANG_WARN_UNGUARDED_AVAILABILITY = YES_AGGRESSIVE;
				CLANG_WARN_UNREACHABLE_CODE = YES;
				CLANG_WARN__DUPLICATE_METHOD_MATCH = YES;
				COPY_PHASE_STRIP = NO;
				DEBUG_INFORMATION_FORMAT = dwarf;
				ENABLE_STRICT_OBJC_MSGSEND = YES;
				ENABLE_TESTABILITY = YES;
				ENABLE_USER_SCRIPT_SANDBOXING = YES;
				GCC_C_LANGUAGE_STANDARD = gnu17;
				GCC_DYNAMIC_NO_PIC = NO;
				GCC_NO_COMMON_BLOCKS = YES;
				GCC_OPTIMIZATION_LEVEL = 0;
				GCC_PREPROCESSOR_DEFINITIONS = (
					"DEBUG=1",
					"$(inherited)",
				);
				GCC_WARN_64_TO_32_BIT_CONVERSION = YES;
				GCC_WARN_ABOUT_RETURN_TYPE = YES_ERROR;
				GCC_WARN_UNDECLARED_SELECTOR = YES;
				GCC_WARN_UNINITIALIZED_AUTOS = YES_AGGRESSIVE;
				GCC_WARN_UNUSED_FUNCTION = YES;
				GCC_WARN_UNUSED_VARIABLE = YES;
				IPHONEOS_DEPLOYMENT_TARGET = 18.5;
				LOCALIZATION_PREFERS_STRING_CATALOGS = YES;
				MTL_ENABLE_DEBUG_INFO = INCLUDE_SOURCE;
				MTL_FAST_MATH = YES;
				ONLY_ACTIVE_ARCH = YES;
				SDKROOT = iphoneos;
				SWIFT_ACTIVE_COMPILATION_CONDITIONS = "DEBUG $(inherited)";
				SWIFT_OPTIMIZATION_LEVEL = "-Onone";
			};
			name = Debug;
		};
		D21B4B832ED8F823006E4D4B /* Release */ = {
			isa = XCBuildConfiguration;
			buildSettings = {
				ALWAYS_SEARCH_USER_PATHS = NO;
				ASSETCATALOG_COMPILER_GENERATE_SWIFT_ASSET_SYMBOL_EXTENSIONS = YES;
				CLANG_ANALYZER_NONNULL = YES;
				CLANG_ANALYZER_NUMBER_OBJECT_CONVERSION = YES_AGGRESSIVE;
				CLANG_CXX_LANGUAGE_STANDARD = "gnu++20";
				CLANG_ENABLE_MODULES = YES;
				CLANG_ENABLE_OBJC_ARC = YES;
				CLANG_ENABLE_OBJC_WEAK = YES;
				CLANG_WARN_BLOCK_CAPTURE_AUTORELEASING = YES;
				CLANG_WARN_BOOL_CONVERSION = YES;
				CLANG_WARN_COMMA = YES;
				CLANG_WARN_CONSTANT_CONVERSION = YES;
				CLANG_WARN_DEPRECATED_OBJC_IMPLEMENTATIONS = YES;
				CLANG_WARN_DIRECT_OBJC_ISA_USAGE = YES_ERROR;
				CLANG_WARN_DOCUMENTATION_COMMENTS = YES;
				CLANG_WARN_EMPTY_BODY = YES;
				CLANG_WARN_ENUM_CONVERSION = YES;
				CLANG_WARN_INFINITE_RECURSION = YES;
				CLANG_WARN_INT_CONVERSION = YES;
				CLANG_WARN_NON_LITERAL_NULL_CONVERSION = YES;
				CLANG_WARN_OBJC_IMPLICIT_RETAIN_SELF = YES;
				CLANG_WARN_OBJC_LITERAL_CONVERSION = YES;
				CLANG_WARN_OBJC_ROOT_CLASS = YES_ERROR;
				CLANG_WARN_QUOTED_INCLUDE_IN_FRAMEWORK_HEADER = YES;
				CLANG_WARN_RANGE_LOOP_ANALYSIS = YES;
				CLANG_WARN_STRICT_PROTOTYPES = YES;
				CLANG_WARN_SUSPICIOUS_MOVE = YES;
				CLANG_WARN_UNGUARDED_AVAILABILITY = YES_AGGRESSIVE;
				CLANG_WARN_UNREACHABLE_CODE = YES;
				CLANG_WARN__DUPLICATE_METHOD_MATCH = YES;
				COPY_PHASE_STRIP = NO;
				DEBUG_INFORMATION_FORMAT = "dwarf-with-dsym";
				ENABLE_NS_ASSERTIONS = NO;
				ENABLE_STRICT_OBJC_MSGSEND = YES;
				ENABLE_USER_SCRIPT_SANDBOXING = YES;
				GCC_C_LANGUAGE_STANDARD = gnu17;
				GCC_NO_COMMON_BLOCKS = YES;
				GCC_WARN_64_TO_32_BIT_CONVERSION = YES;
				GCC_WARN_ABOUT_RETURN_TYPE = YES_ERROR;
				GCC_WARN_UNDECLARED_SELECTOR = YES;
				GCC_WARN_UNINITIALIZED_AUTOS = YES_AGGRESSIVE;
				GCC_WARN_UNUSED_FUNCTION = YES;
				GCC_WARN_UNUSED_VARIABLE = YES;
				IPHONEOS_DEPLOYMENT_TARGET = 18.5;
				LOCALIZATION_PREFERS_STRING_CATALOGS = YES;
				MTL_ENABLE_DEBUG_INFO = NO;
				MTL_FAST_MATH = YES;
				SDKROOT = iphoneos;
				SWIFT_COMPILATION_MODE = wholemodule;
				VALIDATE_PRODUCT = YES;
			};
			name = Release;
		};
		D21B4B852ED8F823006E4D4B /* Debug */ = {
			isa = XCBuildConfiguration;
			buildSettings = {
				ASSETCATALOG_COMPILER_APPICON_NAME = AppIcon;
				ASSETCATALOG_COMPILER_GLOBAL_ACCENT_COLOR_NAME = AccentColor;
				CODE_SIGN_STYLE = Automatic;
				CURRENT_PROJECT_VERSION = 1;
				ENABLE_PREVIEWS = YES;
				GENERATE_INFOPLIST_FILE = YES;
				INFOPLIST_KEY_UIApplicationSceneManifest_Generation = YES;
				INFOPLIST_KEY_UIApplicationSupportsIndirectInputEvents = YES;
				INFOPLIST_KEY_UILaunchScreen_Generation = YES;
				INFOPLIST_KEY_UISupportedInterfaceOrientations_iPad = "UIInterfaceOrientationPortrait UIInterfaceOrientationPortraitUpsideDown UIInterfaceOrientationLandscapeLeft UIInterfaceOrientationLandscapeRight";
				INFOPLIST_KEY_UISupportedInterfaceOrientations_iPhone = "UIInterfaceOrientationPortrait UIInterfaceOrientationLandscapeLeft UIInterfaceOrientationLandscapeRight";
				LD_RUNPATH_SEARCH_PATHS = (
					"$(inherited)",
					"@executable_path/Frameworks",
				);
				MARKETING_VERSION = 1.0;
				PRODUCT_BUNDLE_IDENTIFIER = io.TestCalendarThings.LemonSliceDemo;
				PRODUCT_NAME = "$(TARGET_NAME)";
				SWIFT_EMIT_LOC_STRINGS = YES;
				SWIFT_VERSION = 5.0;
				TARGETED_DEVICE_FAMILY = "1,2";
			};
			name = Debug;
		};
		D21B4B862ED8F823006E4D4B /* Release */ = {
			isa = XCBuildConfiguration;
			buildSettings = {
				ASSETCATALOG_COMPILER_APPICON_NAME = AppIcon;
				ASSETCATALOG_COMPILER_GLOBAL_ACCENT_COLOR_NAME = AccentColor;
				CODE_SIGN_STYLE = Automatic;
				CURRENT_PROJECT_VERSION = 1;
				ENABLE_PREVIEWS = YES;
				GENERATE_INFOPLIST_FILE = YES;
				INFOPLIST_KEY_UIApplicationSceneManifest_Generation = YES;
				INFOPLIST_KEY_UIApplicationSupportsIndirectInputEvents = YES;
				INFOPLIST_KEY_UILaunchScreen_Generation = YES;
				INFOPLIST_KEY_UISupportedInterfaceOrientations_iPad = "UIInterfaceOrientationPortrait UIInterfaceOrientationPortraitUpsideDown UIInterfaceOrientationLandscapeLeft UIInterfaceOrientationLandscapeRight";
				INFOPLIST_KEY_UISupportedInterfaceOrientations_iPhone = "UIInterfaceOrientationPortrait UIInterfaceOrientationLandscapeLeft UIInterfaceOrientationLandscapeRight";
				LD_RUNPATH_SEARCH_PATHS = (
					"$(inherited)",
					"@executable_path/Frameworks",
				);
				MARKETING_VERSION = 1.0;
				PRODUCT_BUNDLE_IDENTIFIER = io.TestCalendarThings.LemonSliceDemo;
				PRODUCT_NAME = "$(TARGET_NAME)";
				SWIFT_EMIT_LOC_STRINGS = YES;
				SWIFT_VERSION = 5.0;
				TARGETED_DEVICE_FAMILY = "1,2";
			};
			name = Release;
		};
		D21B4B882ED8F823006E4D4B /* Debug */ = {
			isa = XCBuildConfiguration;
			buildSettings = {
				BUNDLE_LOADER = "$(TEST_HOST)";
				CODE_SIGN_STYLE = Automatic;
				CURRENT_PROJECT_VERSION = 1;
				GENERATE_INFOPLIST_FILE = YES;
				IPHONEOS_DEPLOYMENT_TARGET = 18.5;
				MARKETING_VERSION = 1.0;
				PRODUCT_BUNDLE_IDENTIFIER = io.TestCalendarThings.LemonSliceDemoTests;
				PRODUCT_NAME = "$(TARGET_NAME)";
				SWIFT_EMIT_LOC_STRINGS = NO;
				SWIFT_VERSION = 5.0;
				TARGETED_DEVICE_FAMILY = "1,2";
				TEST_HOST = "$(BUILT_PRODUCTS_DIR)/LemonSliceDemo.app/$(BUNDLE_EXECUTABLE_FOLDER_PATH)/LemonSliceDemo";
			};
			name = Debug;
		};
		D21B4B892ED8F823006E4D4B /* Release */ = {
			isa = XCBuildConfiguration;
			buildSettings = {
				BUNDLE_LOADER = "$(TEST_HOST)";
				CODE_SIGN_STYLE = Automatic;
				CURRENT_PROJECT_VERSION = 1;
				GENERATE_INFOPLIST_FILE = YES;
				IPHONEOS_DEPLOYMENT_TARGET = 18.5;
				MARKETING_VERSION = 1.0;
				PRODUCT_BUNDLE_IDENTIFIER = io.TestCalendarThings.LemonSliceDemoTests;
				PRODUCT_NAME = "$(TARGET_NAME)";
				SWIFT_EMIT_LOC_STRINGS = NO;
				SWIFT_VERSION = 5.0;
				TARGETED_DEVICE_FAMILY = "1,2";
				TEST_HOST = "$(BUILT_PRODUCTS_DIR)/LemonSliceDemo.app/$(BUNDLE_EXECUTABLE_FOLDER_PATH)/LemonSliceDemo";
			};
			name = Release;
		};
		D21B4B8B2ED8F823006E4D4B /* Debug */ = {
			isa = XCBuildConfiguration;
			buildSettings = {
				CODE_SIGN_STYLE = Automatic;
				CURRENT_PROJECT_VERSION = 1;
				GENERATE_INFOPLIST_FILE = YES;
				MARKETING_VERSION = 1.0;
				PRODUCT_BUNDLE_IDENTIFIER = io.TestCalendarThings.LemonSliceDemoUITests;
				PRODUCT_NAME = "$(TARGET_NAME)";
				SWIFT_EMIT_LOC_STRINGS = NO;
				SWIFT_VERSION = 5.0;
				TARGETED_DEVICE_FAMILY = "1,2";
				TEST_TARGET_NAME = LemonSliceDemo;
			};
			name = Debug;
		};
		D21B4B8C2ED8F823006E4D4B /* Release */ = {
			isa = XCBuildConfiguration;
			buildSettings = {
				CODE_SIGN_STYLE = Automatic;
				CURRENT_PROJECT_VERSION = 1;
				GENERATE_INFOPLIST_FILE = YES;
				MARKETING_VERSION = 1.0;
				PRODUCT_BUNDLE_IDENTIFIER = io.TestCalendarThings.LemonSliceDemoUITests;
				PRODUCT_NAME = "$(TARGET_NAME)";
				SWIFT_EMIT_LOC_STRINGS = NO;
				SWIFT_VERSION = 5.0;
				TARGETED_DEVICE_FAMILY = "1,2";
				TEST_TARGET_NAME = LemonSliceDemo;
			};
			name = Release;
		};
/* End XCBuildConfiguration section */

/* Begin XCConfigurationList section */
		D21B4B5E2ED8F822006E4D4B /* Build configuration list for PBXProject "LemonSliceDemo" */ = {
			isa = XCConfigurationList;
			buildConfigurations = (
				D21B4B822ED8F823006E4D4B /* Debug */,
				D21B4B832ED8F823006E4D4B /* Release */,
			);
			defaultConfigurationIsVisible = 0;
			defaultConfigurationName = Release;
		};
		D21B4B842ED8F823006E4D4B /* Build configuration list for PBXNativeTarget "LemonSliceDemo" */ = {
			isa = XCConfigurationList;
			buildConfigurations = (
				D21B4B852ED8F823006E4D4B /* Debug */,
				D21B4B862ED8F823006E4D4B /* Release */,
			);
			defaultConfigurationIsVisible = 0;
			defaultConfigurationName = Release;
		};
		D21B4B872ED8F823006E4D4B /* Build configuration list for PBXNativeTarget "LemonSliceDemoTests" */ = {
			isa = XCConfigurationList;
			buildConfigurations = (
				D21B4B882ED8F823006E4D4B /* Debug */,
				D21B4B892ED8F823006E4D4B /* Release */,
			);
			defaultConfigurationIsVisible = 0;
			defaultConfigurationName = Release;
		};
		D21B4B8A2ED8F823006E4D4B /* Build configuration list for PBXNativeTarget "LemonSliceDemoUITests" */ = {
			isa = XCConfigurationList;
			buildConfigurations = (
				D21B4B8B2ED8F823006E4D4B /* Debug */,
				D21B4B8C2ED8F823006E4D4B /* Release */,
			);
			defaultConfigurationIsVisible = 0;
			defaultConfigurationName = Release;
		};
/* End XCConfigurationList section */

/* Begin XCRemoteSwiftPackageReference section */
		D21B4B8D2ED8F835006E4D4B /* XCRemoteSwiftPackageReference "Kingfisher" */ = {
			isa = XCRemoteSwiftPackageReference;
			repositoryURL = "https://github.com/onevcat/Kingfisher.git";
			requirement = {
				kind = upToNextMajorVersion;
				minimumVersion = 8.6.2;
			};
		};
		D21B4B902ED8F83D006E4D4B /* XCRemoteSwiftPackageReference "fal-swift" */ = {
			isa = XCRemoteSwiftPackageReference;
			repositoryURL = "https://github.com/fal-ai/fal-swift.git";
			requirement = {
				kind = upToNextMajorVersion;
				minimumVersion = 0.5.6;
			};
		};
		D21B4B932ED8F849006E4D4B /* XCRemoteSwiftPackageReference "swift-composable-architecture" */ = {
			isa = XCRemoteSwiftPackageReference;
			repositoryURL = "https://github.com/pointfreeco/swift-composable-architecture";
			requirement = {
				kind = upToNextMajorVersion;
				minimumVersion = 1.23.1;
			};
		};
/* End XCRemoteSwiftPackageReference section */

/* Begin XCSwiftPackageProductDependency section */
		D21B4B8E2ED8F835006E4D4B /* Kingfisher */ = {
			isa = XCSwiftPackageProductDependency;
			package = D21B4B8D2ED8F835006E4D4B /* XCRemoteSwiftPackageReference "Kingfisher" */;
			productName = Kingfisher;
		};
		D21B4B912ED8F83D006E4D4B /* FalClient */ = {
			isa = XCSwiftPackageProductDependency;
			package = D21B4B902ED8F83D006E4D4B /* XCRemoteSwiftPackageReference "fal-swift" */;
			productName = FalClient;
		};
		D21B4B942ED8F849006E4D4B /* ComposableArchitecture */ = {
			isa = XCSwiftPackageProductDependency;
			package = D21B4B932ED8F849006E4D4B /* XCRemoteSwiftPackageReference "swift-composable-architecture" */;
			productName = ComposableArchitecture;
		};
/* End XCSwiftPackageProductDependency section */
	};
	rootObject = D21B4B5B2ED8F822006E4D4B /* Project object */;
}
